
Microsoft Visual Studio Solution File, Format Version 12.00
# Visual Studio Version 17
VisualStudioVersion = 17.14.36414.22
MinimumVisualStudioVersion = 10.0.40219.1
Project("{FAE04EC0-301F-11D3-BF4B-00C04F79EFBC}") = "ptak_file", "ptak_file\ptak_file.csproj", "{C48293CB-9523-4F3F-978B-5F8A2DC52A79}"
EndProject
Project("{FAE04EC0-301F-11D3-BF4B-00C04F79EFBC}") = "2", "2\2.csproj", "{7EB84BD3-87A8-4007-9B09-4489EC4F0FA5}"
EndProject
Project("{FAE04EC0-301F-11D3-BF4B-00C04F79EFBC}") = "3", "3\3.csproj", "{F0FFB08B-3556-4FB6-9EC8-E6B4503CCF61}"
EndProject
Project("{FAE04EC0-301F-11D3-BF4B-00C04F79EFBC}") = "4", "4\4.csproj", "{54BFCD5C-C6EC-4171-A065-770E3A383BC7}"
EndProject
Project("{FAE04EC0-301F-11D3-BF4B-00C04F79EFBC}") = "5", "5\5.csproj", "{82BCD0E3-7FC7-4863-B88F-A2B61A439CC5}"
EndProject
Global
	GlobalSection(SolutionConfigurationPlatforms) = preSolution
		Debug|Any CPU = Debug|Any CPU
		Release|Any CPU = Release|Any CPU
	EndGlobalSection
	GlobalSection(ProjectConfigurationPlatforms) = postSolution
		{C48293CB-9523-4F3F-978B-5F8A2DC52A79}.Debug|Any CPU.ActiveCfg = Debug|Any CPU
		{C48293CB-9523-4F3F-978B-5F8A2DC52A79}.Debug|Any CPU.Build.0 = Debug|Any CPU
		{C48293CB-9523-4F3F-978B-5F8A2DC52A79}.Release|Any CPU.ActiveCfg = Release|Any CPU
		{C48293CB-9523-4F3F-978B-5F8A2DC52A79}.Release|Any CPU.Build.0 = Release|Any CPU
		{7EB84BD3-87A8-4007-9B09-4489EC4F0FA5}.Debug|Any CPU.ActiveCfg = Debug|Any CPU
		{7EB84BD3-87A8-4007-9B09-4489EC4F0FA5}.Debug|Any CPU.Build.0 = Debug|Any CPU
		{7EB84BD3-87A8-4007-9B09-4489EC4F0FA5}.Release|Any CPU.ActiveCfg = Release|Any CPU
		{7EB84BD3-87A8-4007-9B09-4489EC4F0FA5}.Release|Any CPU.Build.0 = Release|Any CPU
		{F0FFB08B-3556-4FB6-9EC8-E6B4503CCF61}.Debug|Any CPU.ActiveCfg = Debug|Any CPU
		{F0FFB08B-3556-4FB6-9EC8-E6B4503CCF61}.Debug|Any CPU.Build.0 = Debug|Any CPU
		{F0FFB08B-3556-4FB6-9EC8-E6B4503CCF61}.Release|Any CPU.ActiveCfg = Release|Any CPU
		{F0FFB08B-3556-4FB6-9EC8-E6B4503CCF61}.Release|Any CPU.Build.0 = Release|Any CPU
		{54BFCD5C-C6EC-4171-A065-770E3A383BC7}.Debug|Any CPU.ActiveCfg = Debug|Any CPU
		{54BFCD5C-C6EC-4171-A065-770E3A383BC7}.Debug|Any CPU.Build.0 = Debug|Any CPU
		{54BFCD5C-C6EC-4171-A065-770E3A383BC7}.Release|Any CPU.ActiveCfg = Release|Any CPU
		{54BFCD5C-C6EC-4171-A065-770E3A383BC7}.Release|Any CPU.Build.0 = Release|Any CPU
		{82BCD0E3-7FC7-4863-B88F-A2B61A439CC5}.Debug|Any CPU.ActiveCfg = Debug|Any CPU
		{82BCD0E3-7FC7-4863-B88F-A2B61A439CC5}.Debug|Any CPU.Build.0 = Debug|Any CPU
		{82BCD0E3-7FC7-4863-B88F-A2B61A439CC5}.Release|Any CPU.ActiveCfg = Release|Any CPU
		{82BCD0E3-7FC7-4863-B88F-A2B61A439CC5}.Release|Any CPU.Build.0 = Release|Any CPU
	EndGlobalSection
	GlobalSection(SolutionProperties) = preSolution
		HideSolutionNode = FALSE
	EndGlobalSection
	GlobalSection(ExtensibilityGlobals) = postSolution
		SolutionGuid = {D4B3EE5A-2971-4A02-A955-7F5B673EE361}
	EndGlobalSection
EndGlobal
